
Microsoft Visual Studio Solution File, Format Version 12.00
# Visual Studio Version 16
VisualStudioVersion = 16.0.30621.155
MinimumVisualStudioVersion = 10.0.40219.1
Project("{8BC9CEB8-8B4A-11D0-8D11-00A0C91BC942}") = "Day13", "Day13.vcxproj", "{3E74D7C5-3274-499E-914C-FCBE684977CC}"
EndProject
Global
	GlobalSection(SolutionConfigurationPlatforms) = preSolution
		Debug|x64 = Debug|x64
		Debug|x86 = Debug|x86
		Release|x64 = Release|x64
		Release|x86 = Release|x86
	EndGlobalSection
	GlobalSection(ProjectConfigurationPlatforms) = postSolution
		{3E74D7C5-3274-499E-914C-FCBE684977CC}.Debug|x64.ActiveCfg = Debug|x64
		{3E74D7C5-3274-499E-914C-FCBE684977CC}.Debug|x64.Build.0 = Debug|x64
		{3E74D7C5-3274-499E-914C-FCBE684977CC}.Debug|x86.ActiveCfg = Debug|Win32
		{3E74D7C5-3274-499E-914C-FCBE684977CC}.Debug|x86.Build.0 = Debug|Win32
		{3E74D7C5-3274-499E-914C-FCBE684977CC}.Release|x64.ActiveCfg = Release|x64
		{3E74D7C5-3274-499E-914C-FCBE684977CC}.Release|x64.Build.0 = Release|x64
		{3E74D7C5-3274-499E-914C-FCBE684977CC}.Release|x86.ActiveCfg = Release|Win32
		{3E74D7C5-3274-499E-914C-FCBE684977CC}.Release|x86.Build.0 = Release|Win32
	EndGlobalSection
	GlobalSection(SolutionProperties) = preSolution
		HideSolutionNode = FALSE
	EndGlobalSection
	GlobalSection(ExtensibilityGlobals) = postSolution
		SolutionGuid = {26A40265-3954-4FD9-A7B8-69915A37E1F8}
	EndGlobalSection
EndGlobal
